
Microsoft Visual Studio Solution File, Format Version 11.00
# Visual Studio 2010
Project("{FAE04EC0-301F-11D3-BF4B-00C04F79EFBC}") = "SimpleRESTSOE", "SimpleRESTSOE\SimpleRESTSOE.csproj", "{055416E1-BB40-4D51-B9A9-740C932EA59B}"
EndProject
Project("{FAE04EC0-301F-11D3-BF4B-00C04F79EFBC}") = "RegisterSimpleRESTSOE", "RegisterSimpleRESTSOE\RegisterSimpleRESTSOE.csproj", "{2256DA3B-EFFF-4DDF-B7C8-33BB8E97E1C1}"
EndProject
Global
	GlobalSection(SolutionConfigurationPlatforms) = preSolution
		Debug|Any CPU = Debug|Any CPU
		Release|Any CPU = Release|Any CPU
	EndGlobalSection
	GlobalSection(ProjectConfigurationPlatforms) = postSolution
		{055416E1-BB40-4D51-B9A9-740C932EA59B}.Debug|Any CPU.ActiveCfg = Debug|Any CPU
		{055416E1-BB40-4D51-B9A9-740C932EA59B}.Debug|Any CPU.Build.0 = Debug|Any CPU
		{055416E1-BB40-4D51-B9A9-740C932EA59B}.Release|Any CPU.ActiveCfg = Release|Any CPU
		{2256DA3B-EFFF-4DDF-B7C8-33BB8E97E1C1}.Debug|Any CPU.ActiveCfg = Debug|Any CPU
		{2256DA3B-EFFF-4DDF-B7C8-33BB8E97E1C1}.Debug|Any CPU.Build.0 = Debug|Any CPU
		{2256DA3B-EFFF-4DDF-B7C8-33BB8E97E1C1}.Release|Any CPU.ActiveCfg = Release|Any CPU
		{2256DA3B-EFFF-4DDF-B7C8-33BB8E97E1C1}.Release|Any CPU.Build.0 = Release|Any CPU
	EndGlobalSection
	GlobalSection(SolutionProperties) = preSolution
		HideSolutionNode = FALSE
	EndGlobalSection
EndGlobal
